
Microsoft Visual Studio Solution File, Format Version 12.00
Project("{FAE04EC0-301F-11D3-BF4B-00C04F79EFBC}") = "JobInMultiInstance", "src\JobInMultiInstance\JobInMultiInstance.csproj", "{C7A9F66F-68CD-4BDE-813E-F7D695ACC747}"
EndProject
Project("{2150E333-8FDC-42A3-9474-1A3956D46DE8}") = "src", "src", "{E30D20F7-CE1D-444A-8A02-B20B4FDF3DF4}"
EndProject
Project("{FAE04EC0-301F-11D3-BF4B-00C04F79EFBC}") = "JobEventBus", "src\JobEventBus\JobEventBus.csproj", "{B0262FCD-8CD2-47C6-BE8B-EF910F3EC819}"
EndProject
Project("{FAE04EC0-301F-11D3-BF4B-00C04F79EFBC}") = "JobEventBusRabbitMq", "src\JobEventBusRabbitMq\JobEventBusRabbitMq.csproj", "{2CD795CB-C444-4219-B752-44B9BEF30C8A}"
EndProject
Project("{2150E333-8FDC-42A3-9474-1A3956D46DE8}") = "samples", "samples", "{75291D74-D3EB-40AB-B4E2-542086DAFB70}"
EndProject
Project("{FAE04EC0-301F-11D3-BF4B-00C04F79EFBC}") = "sample", "samples\sample\sample.csproj", "{C5ABBF84-A7F1-4DE7-A5C3-12946BD0DEE3}"
EndProject
Project("{FAE04EC0-301F-11D3-BF4B-00C04F79EFBC}") = "sample2", "samples\sample2\sample2.csproj", "{44B2A888-69B9-42FA-9240-3584FE8D5406}"
EndProject
Global
	GlobalSection(SolutionConfigurationPlatforms) = preSolution
		Debug|Any CPU = Debug|Any CPU
		Release|Any CPU = Release|Any CPU
	EndGlobalSection
	GlobalSection(ProjectConfigurationPlatforms) = postSolution
		{C7A9F66F-68CD-4BDE-813E-F7D695ACC747}.Debug|Any CPU.ActiveCfg = Debug|Any CPU
		{C7A9F66F-68CD-4BDE-813E-F7D695ACC747}.Debug|Any CPU.Build.0 = Debug|Any CPU
		{C7A9F66F-68CD-4BDE-813E-F7D695ACC747}.Release|Any CPU.ActiveCfg = Release|Any CPU
		{C7A9F66F-68CD-4BDE-813E-F7D695ACC747}.Release|Any CPU.Build.0 = Release|Any CPU
		{B0262FCD-8CD2-47C6-BE8B-EF910F3EC819}.Debug|Any CPU.ActiveCfg = Debug|Any CPU
		{B0262FCD-8CD2-47C6-BE8B-EF910F3EC819}.Debug|Any CPU.Build.0 = Debug|Any CPU
		{B0262FCD-8CD2-47C6-BE8B-EF910F3EC819}.Release|Any CPU.ActiveCfg = Release|Any CPU
		{B0262FCD-8CD2-47C6-BE8B-EF910F3EC819}.Release|Any CPU.Build.0 = Release|Any CPU
		{2CD795CB-C444-4219-B752-44B9BEF30C8A}.Debug|Any CPU.ActiveCfg = Debug|Any CPU
		{2CD795CB-C444-4219-B752-44B9BEF30C8A}.Debug|Any CPU.Build.0 = Debug|Any CPU
		{2CD795CB-C444-4219-B752-44B9BEF30C8A}.Release|Any CPU.ActiveCfg = Release|Any CPU
		{2CD795CB-C444-4219-B752-44B9BEF30C8A}.Release|Any CPU.Build.0 = Release|Any CPU
		{C5ABBF84-A7F1-4DE7-A5C3-12946BD0DEE3}.Debug|Any CPU.ActiveCfg = Debug|Any CPU
		{C5ABBF84-A7F1-4DE7-A5C3-12946BD0DEE3}.Debug|Any CPU.Build.0 = Debug|Any CPU
		{C5ABBF84-A7F1-4DE7-A5C3-12946BD0DEE3}.Release|Any CPU.ActiveCfg = Release|Any CPU
		{C5ABBF84-A7F1-4DE7-A5C3-12946BD0DEE3}.Release|Any CPU.Build.0 = Release|Any CPU
		{44B2A888-69B9-42FA-9240-3584FE8D5406}.Debug|Any CPU.ActiveCfg = Debug|Any CPU
		{44B2A888-69B9-42FA-9240-3584FE8D5406}.Debug|Any CPU.Build.0 = Debug|Any CPU
		{44B2A888-69B9-42FA-9240-3584FE8D5406}.Release|Any CPU.ActiveCfg = Release|Any CPU
		{44B2A888-69B9-42FA-9240-3584FE8D5406}.Release|Any CPU.Build.0 = Release|Any CPU
	EndGlobalSection
	GlobalSection(NestedProjects) = preSolution
		{C7A9F66F-68CD-4BDE-813E-F7D695ACC747} = {E30D20F7-CE1D-444A-8A02-B20B4FDF3DF4}
		{B0262FCD-8CD2-47C6-BE8B-EF910F3EC819} = {E30D20F7-CE1D-444A-8A02-B20B4FDF3DF4}
		{2CD795CB-C444-4219-B752-44B9BEF30C8A} = {E30D20F7-CE1D-444A-8A02-B20B4FDF3DF4}
		{C5ABBF84-A7F1-4DE7-A5C3-12946BD0DEE3} = {75291D74-D3EB-40AB-B4E2-542086DAFB70}
		{44B2A888-69B9-42FA-9240-3584FE8D5406} = {75291D74-D3EB-40AB-B4E2-542086DAFB70}
	EndGlobalSection
EndGlobal
